{
  "version": 4,
  "terraform_version": "1.14.9",
  "serial": 5,
  "lineage": "d5f81a93-dc8d-df66-95c0-01dc3740d8b6",
  "outputs": {},
  "resources": [
    {
      "mode": "managed",
      "type": "github_repository",
      "name": "repo_devops",
      "provider": "provider[\"registry.terraform.io/integrations/github\"]",
      "instances": [
        {
          "schema_version": 1,
          "attributes": {
            "allow_auto_merge": false,
            "allow_forking": true,
            "allow_merge_commit": true,
            "allow_rebase_merge": true,
            "allow_squash_merge": true,
            "allow_update_branch": false,
            "archive_on_destroy": null,
            "archived": false,
            "auto_init": null,
            "default_branch": "main",
            "delete_branch_on_merge": false,
            "description": "an example of github repo creation using tf",
            "etag": "W/\"f4887ae6cb02d7d483f4f5ee4044e9c8d15ec8e7e38cbc297b83345f1d93e9a9\"",
            "fork": "false",
            "full_name": "vkuntal/devopscon-tf-wrkshp",
            "git_clone_url": "git://github.com/vkuntal/devopscon-tf-wrkshp.git",
            "gitignore_template": null,
            "has_discussions": false,
            "has_downloads": false,
            "has_issues": false,
            "has_projects": false,
            "has_wiki": false,
            "homepage_url": "",
            "html_url": "https://github.com/vkuntal/devopscon-tf-wrkshp",
            "http_clone_url": "https://github.com/vkuntal/devopscon-tf-wrkshp.git",
            "id": "devopscon-tf-wrkshp",
            "ignore_vulnerability_alerts_during_read": false,
            "is_template": false,
            "license_template": null,
            "merge_commit_message": "PR_TITLE",
            "merge_commit_title": "MERGE_MESSAGE",
            "name": "devopscon-tf-wrkshp",
            "node_id": "R_kgDOSImNfg",
            "pages": [],
            "primary_language": "",
            "private": true,
            "repo_id": 1216974206,
            "security_and_analysis": [
              {
                "advanced_security": [],
                "code_security": [],
                "secret_scanning": [
                  {
                    "status": "enabled"
                  }
                ],
                "secret_scanning_ai_detection": [],
                "secret_scanning_non_provider_patterns": [],
                "secret_scanning_push_protection": [
                  {
                    "status": "enabled"
                  }
                ]
              }
            ],
            "source_owner": "",
            "source_repo": "",
            "squash_merge_commit_message": "COMMIT_MESSAGES",
            "squash_merge_commit_title": "COMMIT_OR_PR_TITLE",
            "ssh_clone_url": "git@github.com:vkuntal/devopscon-tf-wrkshp.git",
            "svn_url": "https://github.com/vkuntal/devopscon-tf-wrkshp",
            "template": [],
            "topics": [],
            "visibility": "private",
            "vulnerability_alerts": false,
            "web_commit_signoff_required": false
          },
          "sensitive_attributes": [],
          "identity_schema_version": 0,
          "private": "eyJzY2hlbWFfdmVyc2lvbiI6IjEifQ=="
        }
      ]
    }
  ],
  "check_results": null
}
